
Microsoft Visual Studio Solution File, Format Version 12.00
# Visual Studio Version 16
VisualStudioVersion = 16.0.31321.278
MinimumVisualStudioVersion = 10.0.40219.1
Project("{FAE04EC0-301F-11D3-BF4B-00C04F79EFBC}") = "Exercise1", "Exercise1\Exercise1.csproj", "{CBD19553-3BA4-4E27-A441-AD88E7E58E5D}"
EndProject
Project("{FAE04EC0-301F-11D3-BF4B-00C04F79EFBC}") = "Exercise2", "Exercise2\Exercise2.csproj", "{95EC3511-CF48-4E76-8005-C62D2C2F1BEC}"
EndProject
Project("{FAE04EC0-301F-11D3-BF4B-00C04F79EFBC}") = "Exercise3", "Exercise3\Exercise3.csproj", "{BE0073CF-A336-45FA-B7D1-BDAF971DD419}"
EndProject
Project("{FAE04EC0-301F-11D3-BF4B-00C04F79EFBC}") = "Exercise4", "Exercise4\Exercise4.csproj", "{D52D3F37-C30C-46FA-8286-9BB43C4EFA57}"
EndProject
Project("{FAE04EC0-301F-11D3-BF4B-00C04F79EFBC}") = "Exercise5", "Exercise5\Exercise5.csproj", "{0EA5F9AF-C4BF-42B9-8A63-D06997201CA2}"
EndProject
Project("{FAE04EC0-301F-11D3-BF4B-00C04F79EFBC}") = "Exercise6", "Exercise6\Exercise6.csproj", "{D0FF4E35-17FA-44D6-9879-CFDE2BB56587}"
EndProject
Project("{FAE04EC0-301F-11D3-BF4B-00C04F79EFBC}") = "Exercise7", "Exercise7\Exercise7.csproj", "{A3F6D3C8-3484-4AFA-8F19-0A03B2371DD0}"
EndProject
Project("{FAE04EC0-301F-11D3-BF4B-00C04F79EFBC}") = "Exercise8", "Exercise8\Exercise8.csproj", "{ACF807D8-D470-42E6-90F6-69D028C2A3EE}"
EndProject
Project("{FAE04EC0-301F-11D3-BF4B-00C04F79EFBC}") = "Exercise9", "Exercise9\Exercise9.csproj", "{A3E46536-23FE-4B64-B2AD-6E438BB6F088}"
EndProject
Global
	GlobalSection(SolutionConfigurationPlatforms) = preSolution
		Debug|Any CPU = Debug|Any CPU
		Release|Any CPU = Release|Any CPU
	EndGlobalSection
	GlobalSection(ProjectConfigurationPlatforms) = postSolution
		{CBD19553-3BA4-4E27-A441-AD88E7E58E5D}.Debug|Any CPU.ActiveCfg = Debug|Any CPU
		{CBD19553-3BA4-4E27-A441-AD88E7E58E5D}.Debug|Any CPU.Build.0 = Debug|Any CPU
		{CBD19553-3BA4-4E27-A441-AD88E7E58E5D}.Release|Any CPU.ActiveCfg = Release|Any CPU
		{CBD19553-3BA4-4E27-A441-AD88E7E58E5D}.Release|Any CPU.Build.0 = Release|Any CPU
		{95EC3511-CF48-4E76-8005-C62D2C2F1BEC}.Debug|Any CPU.ActiveCfg = Debug|Any CPU
		{95EC3511-CF48-4E76-8005-C62D2C2F1BEC}.Debug|Any CPU.Build.0 = Debug|Any CPU
		{95EC3511-CF48-4E76-8005-C62D2C2F1BEC}.Release|Any CPU.ActiveCfg = Release|Any CPU
		{95EC3511-CF48-4E76-8005-C62D2C2F1BEC}.Release|Any CPU.Build.0 = Release|Any CPU
		{BE0073CF-A336-45FA-B7D1-BDAF971DD419}.Debug|Any CPU.ActiveCfg = Debug|Any CPU
		{BE0073CF-A336-45FA-B7D1-BDAF971DD419}.Debug|Any CPU.Build.0 = Debug|Any CPU
		{BE0073CF-A336-45FA-B7D1-BDAF971DD419}.Release|Any CPU.ActiveCfg = Release|Any CPU
		{BE0073CF-A336-45FA-B7D1-BDAF971DD419}.Release|Any CPU.Build.0 = Release|Any CPU
		{D52D3F37-C30C-46FA-8286-9BB43C4EFA57}.Debug|Any CPU.ActiveCfg = Debug|Any CPU
		{D52D3F37-C30C-46FA-8286-9BB43C4EFA57}.Debug|Any CPU.Build.0 = Debug|Any CPU
		{D52D3F37-C30C-46FA-8286-9BB43C4EFA57}.Release|Any CPU.ActiveCfg = Release|Any CPU
		{D52D3F37-C30C-46FA-8286-9BB43C4EFA57}.Release|Any CPU.Build.0 = Release|Any CPU
		{0EA5F9AF-C4BF-42B9-8A63-D06997201CA2}.Debug|Any CPU.ActiveCfg = Debug|Any CPU
		{0EA5F9AF-C4BF-42B9-8A63-D06997201CA2}.Debug|Any CPU.Build.0 = Debug|Any CPU
		{0EA5F9AF-C4BF-42B9-8A63-D06997201CA2}.Release|Any CPU.ActiveCfg = Release|Any CPU
		{0EA5F9AF-C4BF-42B9-8A63-D06997201CA2}.Release|Any CPU.Build.0 = Release|Any CPU
		{D0FF4E35-17FA-44D6-9879-CFDE2BB56587}.Debug|Any CPU.ActiveCfg = Debug|Any CPU
		{D0FF4E35-17FA-44D6-9879-CFDE2BB56587}.Debug|Any CPU.Build.0 = Debug|Any CPU
		{D0FF4E35-17FA-44D6-9879-CFDE2BB56587}.Release|Any CPU.ActiveCfg = Release|Any CPU
		{D0FF4E35-17FA-44D6-9879-CFDE2BB56587}.Release|Any CPU.Build.0 = Release|Any CPU
		{A3F6D3C8-3484-4AFA-8F19-0A03B2371DD0}.Debug|Any CPU.ActiveCfg = Debug|Any CPU
		{A3F6D3C8-3484-4AFA-8F19-0A03B2371DD0}.Debug|Any CPU.Build.0 = Debug|Any CPU
		{A3F6D3C8-3484-4AFA-8F19-0A03B2371DD0}.Release|Any CPU.ActiveCfg = Release|Any CPU
		{A3F6D3C8-3484-4AFA-8F19-0A03B2371DD0}.Release|Any CPU.Build.0 = Release|Any CPU
		{ACF807D8-D470-42E6-90F6-69D028C2A3EE}.Debug|Any CPU.ActiveCfg = Debug|Any CPU
		{ACF807D8-D470-42E6-90F6-69D028C2A3EE}.Debug|Any CPU.Build.0 = Debug|Any CPU
		{ACF807D8-D470-42E6-90F6-69D028C2A3EE}.Release|Any CPU.ActiveCfg = Release|Any CPU
		{ACF807D8-D470-42E6-90F6-69D028C2A3EE}.Release|Any CPU.Build.0 = Release|Any CPU
		{A3E46536-23FE-4B64-B2AD-6E438BB6F088}.Debug|Any CPU.ActiveCfg = Debug|Any CPU
		{A3E46536-23FE-4B64-B2AD-6E438BB6F088}.Debug|Any CPU.Build.0 = Debug|Any CPU
		{A3E46536-23FE-4B64-B2AD-6E438BB6F088}.Release|Any CPU.ActiveCfg = Release|Any CPU
		{A3E46536-23FE-4B64-B2AD-6E438BB6F088}.Release|Any CPU.Build.0 = Release|Any CPU
	EndGlobalSection
	GlobalSection(SolutionProperties) = preSolution
		HideSolutionNode = FALSE
	EndGlobalSection
	GlobalSection(ExtensibilityGlobals) = postSolution
		SolutionGuid = {6E3E0DCC-E23F-4AB2-8D8D-E52B14B1334F}
	EndGlobalSection
EndGlobal
